
Microsoft Visual Studio Solution File, Format Version 10.00
# Visual Studio 2008
Project("{FAE04EC0-301F-11D3-BF4B-00C04F79EFBC}") = "Nova GUI", "Nova GUI\Nova GUI.csproj", "{14CD4564-836F-4934-8B12-74F399B0F7D5}"
	ProjectSection(ProjectDependencies) = postProject
		{16CB85C6-8A03-4C8D-B0D0-EFD883B6DED8} = {16CB85C6-8A03-4C8D-B0D0-EFD883B6DED8}
	EndProjectSection
EndProject
Project("{FAE04EC0-301F-11D3-BF4B-00C04F79EFBC}") = "ControlLibrary", "ControlLibrary\ControlLibrary.csproj", "{AA9C1AA7-AB64-4560-91C7-95BB2A88FA1F}"
	ProjectSection(ProjectDependencies) = postProject
		{EF679930-F4C9-4D62-9A6A-DE29F8D328C0} = {EF679930-F4C9-4D62-9A6A-DE29F8D328C0}
	EndProjectSection
EndProject
Project("{FAE04EC0-301F-11D3-BF4B-00C04F79EFBC}") = "ComponentEditor", "ComponentEditor\ComponentEditor.csproj", "{16CB85C6-8A03-4C8D-B0D0-EFD883B6DED8}"
	ProjectSection(ProjectDependencies) = postProject
		{EF679930-F4C9-4D62-9A6A-DE29F8D328C0} = {EF679930-F4C9-4D62-9A6A-DE29F8D328C0}
	EndProjectSection
EndProject
Project("{FAE04EC0-301F-11D3-BF4B-00C04F79EFBC}") = "Nova Console", "Nova Console\Nova Console.csproj", "{BC53AE52-0F5C-4C4D-A6D9-54DF198655C9}"
	ProjectSection(ProjectDependencies) = postProject
		{EF679930-F4C9-4D62-9A6A-DE29F8D328C0} = {EF679930-F4C9-4D62-9A6A-DE29F8D328C0}
		{16CB85C6-8A03-4C8D-B0D0-EFD883B6DED8} = {16CB85C6-8A03-4C8D-B0D0-EFD883B6DED8}
	EndProjectSection
EndProject
Project("{FAE04EC0-301F-11D3-BF4B-00C04F79EFBC}") = "Nova Common", "Nova Common\Nova Common.csproj", "{EF679930-F4C9-4D62-9A6A-DE29F8D328C0}"
EndProject
Project("{FAE04EC0-301F-11D3-BF4B-00C04F79EFBC}") = "Graphics", "Graphics\Graphics.csproj", "{DEC3CBEF-A443-406D-BE40-4FC30FEEB766}"
EndProject
Project("{FAE04EC0-301F-11D3-BF4B-00C04F79EFBC}") = "Race Designer", "Race Designer\Race Designer.csproj", "{BFDEE889-6F24-4014-A719-DDA9A9596D70}"
	ProjectSection(ProjectDependencies) = postProject
		{16CB85C6-8A03-4C8D-B0D0-EFD883B6DED8} = {16CB85C6-8A03-4C8D-B0D0-EFD883B6DED8}
	EndProjectSection
EndProject
Project("{FAE04EC0-301F-11D3-BF4B-00C04F79EFBC}") = "Nova_AI", "Nova AI\Nova_AI.csproj", "{8AAA8913-8678-4B69-83A2-1C8A7429411F}"
	ProjectSection(ProjectDependencies) = postProject
		{14CD4564-836F-4934-8B12-74F399B0F7D5} = {14CD4564-836F-4934-8B12-74F399B0F7D5}
	EndProjectSection
EndProject
Project("{FAE04EC0-301F-11D3-BF4B-00C04F79EFBC}") = "NovaLauncher", "NovaLauncher\NovaLauncher.csproj", "{0DE5F0D5-6496-4BF3-A144-871F9B8C9721}"
EndProject
Project("{FAE04EC0-301F-11D3-BF4B-00C04F79EFBC}") = "NewGame", "NewGame\NewGame.csproj", "{ED42983A-7E74-4E9D-B28A-DA9922BEE620}"
EndProject
Project("{FAE04EC0-301F-11D3-BF4B-00C04F79EFBC}") = "ServerState", "ServerState\ServerState.csproj", "{057D68CC-97A3-4296-A66B-1D3A5C00134E}"
EndProject
Project("{FAE04EC0-301F-11D3-BF4B-00C04F79EFBC}") = "ClientState", "ClientState\ClientState.csproj", "{F497309F-FC52-4431-962B-F6B813010080}"
EndProject
Project("{FAE04EC0-301F-11D3-BF4B-00C04F79EFBC}") = "UnitTests", "UnitTests\UnitTests.csproj", "{86291ACF-4BAD-4926-B647-8BCDBB5E8EF7}"
EndProject
Global
	GlobalSection(SubversionScc) = preSolution
		Svn-Managed = True
		Manager = AnkhSVN - Subversion Support for Visual Studio
	EndGlobalSection
	GlobalSection(SolutionConfigurationPlatforms) = preSolution
		Debug|Any CPU = Debug|Any CPU
		Release|Any CPU = Release|Any CPU
	EndGlobalSection
	GlobalSection(ProjectConfigurationPlatforms) = postSolution
		{14CD4564-836F-4934-8B12-74F399B0F7D5}.Debug|Any CPU.ActiveCfg = Debug|Any CPU
		{14CD4564-836F-4934-8B12-74F399B0F7D5}.Debug|Any CPU.Build.0 = Debug|Any CPU
		{14CD4564-836F-4934-8B12-74F399B0F7D5}.Release|Any CPU.ActiveCfg = Release|Any CPU
		{14CD4564-836F-4934-8B12-74F399B0F7D5}.Release|Any CPU.Build.0 = Release|Any CPU
		{AA9C1AA7-AB64-4560-91C7-95BB2A88FA1F}.Debug|Any CPU.ActiveCfg = Debug|Any CPU
		{AA9C1AA7-AB64-4560-91C7-95BB2A88FA1F}.Debug|Any CPU.Build.0 = Debug|Any CPU
		{AA9C1AA7-AB64-4560-91C7-95BB2A88FA1F}.Release|Any CPU.ActiveCfg = Release|Any CPU
		{AA9C1AA7-AB64-4560-91C7-95BB2A88FA1F}.Release|Any CPU.Build.0 = Release|Any CPU
		{16CB85C6-8A03-4C8D-B0D0-EFD883B6DED8}.Debug|Any CPU.ActiveCfg = Debug|Any CPU
		{16CB85C6-8A03-4C8D-B0D0-EFD883B6DED8}.Debug|Any CPU.Build.0 = Debug|Any CPU
		{16CB85C6-8A03-4C8D-B0D0-EFD883B6DED8}.Release|Any CPU.ActiveCfg = Release|Any CPU
		{16CB85C6-8A03-4C8D-B0D0-EFD883B6DED8}.Release|Any CPU.Build.0 = Release|Any CPU
		{BC53AE52-0F5C-4C4D-A6D9-54DF198655C9}.Debug|Any CPU.ActiveCfg = Debug|Any CPU
		{BC53AE52-0F5C-4C4D-A6D9-54DF198655C9}.Debug|Any CPU.Build.0 = Debug|Any CPU
		{BC53AE52-0F5C-4C4D-A6D9-54DF198655C9}.Release|Any CPU.ActiveCfg = Release|Any CPU
		{BC53AE52-0F5C-4C4D-A6D9-54DF198655C9}.Release|Any CPU.Build.0 = Release|Any CPU
		{EF679930-F4C9-4D62-9A6A-DE29F8D328C0}.Debug|Any CPU.ActiveCfg = Debug|Any CPU
		{EF679930-F4C9-4D62-9A6A-DE29F8D328C0}.Debug|Any CPU.Build.0 = Debug|Any CPU
		{EF679930-F4C9-4D62-9A6A-DE29F8D328C0}.Release|Any CPU.ActiveCfg = Release|Any CPU
		{EF679930-F4C9-4D62-9A6A-DE29F8D328C0}.Release|Any CPU.Build.0 = Release|Any CPU
		{DEC3CBEF-A443-406D-BE40-4FC30FEEB766}.Debug|Any CPU.ActiveCfg = Debug|Any CPU
		{DEC3CBEF-A443-406D-BE40-4FC30FEEB766}.Debug|Any CPU.Build.0 = Debug|Any CPU
		{DEC3CBEF-A443-406D-BE40-4FC30FEEB766}.Release|Any CPU.ActiveCfg = Release|Any CPU
		{DEC3CBEF-A443-406D-BE40-4FC30FEEB766}.Release|Any CPU.Build.0 = Release|Any CPU
		{BFDEE889-6F24-4014-A719-DDA9A9596D70}.Debug|Any CPU.ActiveCfg = Debug|Any CPU
		{BFDEE889-6F24-4014-A719-DDA9A9596D70}.Debug|Any CPU.Build.0 = Debug|Any CPU
		{BFDEE889-6F24-4014-A719-DDA9A9596D70}.Release|Any CPU.ActiveCfg = Release|Any CPU
		{BFDEE889-6F24-4014-A719-DDA9A9596D70}.Release|Any CPU.Build.0 = Release|Any CPU
		{8AAA8913-8678-4B69-83A2-1C8A7429411F}.Debug|Any CPU.ActiveCfg = Debug|Any CPU
		{8AAA8913-8678-4B69-83A2-1C8A7429411F}.Debug|Any CPU.Build.0 = Debug|Any CPU
		{8AAA8913-8678-4B69-83A2-1C8A7429411F}.Release|Any CPU.ActiveCfg = Release|Any CPU
		{8AAA8913-8678-4B69-83A2-1C8A7429411F}.Release|Any CPU.Build.0 = Release|Any CPU
		{0DE5F0D5-6496-4BF3-A144-871F9B8C9721}.Debug|Any CPU.ActiveCfg = Debug|Any CPU
		{0DE5F0D5-6496-4BF3-A144-871F9B8C9721}.Debug|Any CPU.Build.0 = Debug|Any CPU
		{0DE5F0D5-6496-4BF3-A144-871F9B8C9721}.Release|Any CPU.ActiveCfg = Release|Any CPU
		{0DE5F0D5-6496-4BF3-A144-871F9B8C9721}.Release|Any CPU.Build.0 = Release|Any CPU
		{ED42983A-7E74-4E9D-B28A-DA9922BEE620}.Debug|Any CPU.ActiveCfg = Debug|Any CPU
		{ED42983A-7E74-4E9D-B28A-DA9922BEE620}.Debug|Any CPU.Build.0 = Debug|Any CPU
		{ED42983A-7E74-4E9D-B28A-DA9922BEE620}.Release|Any CPU.ActiveCfg = Release|Any CPU
		{ED42983A-7E74-4E9D-B28A-DA9922BEE620}.Release|Any CPU.Build.0 = Release|Any CPU
		{057D68CC-97A3-4296-A66B-1D3A5C00134E}.Debug|Any CPU.ActiveCfg = Debug|Any CPU
		{057D68CC-97A3-4296-A66B-1D3A5C00134E}.Debug|Any CPU.Build.0 = Debug|Any CPU
		{057D68CC-97A3-4296-A66B-1D3A5C00134E}.Release|Any CPU.ActiveCfg = Release|Any CPU
		{057D68CC-97A3-4296-A66B-1D3A5C00134E}.Release|Any CPU.Build.0 = Release|Any CPU
		{F497309F-FC52-4431-962B-F6B813010080}.Debug|Any CPU.ActiveCfg = Debug|Any CPU
		{F497309F-FC52-4431-962B-F6B813010080}.Debug|Any CPU.Build.0 = Debug|Any CPU
		{F497309F-FC52-4431-962B-F6B813010080}.Release|Any CPU.ActiveCfg = Release|Any CPU
		{F497309F-FC52-4431-962B-F6B813010080}.Release|Any CPU.Build.0 = Release|Any CPU
		{86291ACF-4BAD-4926-B647-8BCDBB5E8EF7}.Debug|Any CPU.ActiveCfg = Debug|Any CPU
		{86291ACF-4BAD-4926-B647-8BCDBB5E8EF7}.Debug|Any CPU.Build.0 = Debug|Any CPU
		{86291ACF-4BAD-4926-B647-8BCDBB5E8EF7}.Release|Any CPU.ActiveCfg = Release|Any CPU
		{86291ACF-4BAD-4926-B647-8BCDBB5E8EF7}.Release|Any CPU.Build.0 = Release|Any CPU
	EndGlobalSection
	GlobalSection(SolutionProperties) = preSolution
		HideSolutionNode = FALSE
	EndGlobalSection
EndGlobal
