
Microsoft Visual Studio Solution File, Format Version 10.00
# Visual Studio 2008
Project("{FAE04EC0-301F-11D3-BF4B-00C04F79EFBC}") = "ControlLibrary", "ControlLibrary\ControlLibrary.csproj", "{AA9C1AA7-AB64-4560-91C7-95BB2A88FA1F}"
	ProjectSection(ProjectDependencies) = postProject
		{EF679930-F4C9-4D62-9A6A-DE29F8D328C0} = {EF679930-F4C9-4D62-9A6A-DE29F8D328C0}
	EndProjectSection
EndProject
Project("{FAE04EC0-301F-11D3-BF4B-00C04F79EFBC}") = "Common", "Common\Common.csproj", "{EF679930-F4C9-4D62-9A6A-DE29F8D328C0}"
EndProject
Project("{FAE04EC0-301F-11D3-BF4B-00C04F79EFBC}") = "Graphics", "Graphics\Graphics.csproj", "{DEC3CBEF-A443-406D-BE40-4FC30FEEB766}"
EndProject
Project("{FAE04EC0-301F-11D3-BF4B-00C04F79EFBC}") = "ServerState", "ServerState\ServerState.csproj", "{057D68CC-97A3-4296-A66B-1D3A5C00134E}"
EndProject
Project("{FAE04EC0-301F-11D3-BF4B-00C04F79EFBC}") = "ClientState", "ClientState\ClientState.csproj", "{F497309F-FC52-4431-962B-F6B813010080}"
EndProject
Project("{FAE04EC0-301F-11D3-BF4B-00C04F79EFBC}") = "UnitTests", "UnitTests\UnitTests.csproj", "{86291ACF-4BAD-4926-B647-8BCDBB5E8EF7}"
EndProject
Project("{FAE04EC0-301F-11D3-BF4B-00C04F79EFBC}") = "Nova", "Nova\Nova.csproj", "{184F17D9-28F2-4784-B5F0-8E9538A31BF7}"
EndProject
Global
	GlobalSection(SolutionConfigurationPlatforms) = preSolution
		Debug|Any CPU = Debug|Any CPU
		Release|Any CPU = Release|Any CPU
	EndGlobalSection
	GlobalSection(ProjectConfigurationPlatforms) = postSolution
		{AA9C1AA7-AB64-4560-91C7-95BB2A88FA1F}.Debug|Any CPU.ActiveCfg = Debug|Any CPU
		{AA9C1AA7-AB64-4560-91C7-95BB2A88FA1F}.Debug|Any CPU.Build.0 = Debug|Any CPU
		{AA9C1AA7-AB64-4560-91C7-95BB2A88FA1F}.Release|Any CPU.ActiveCfg = Release|Any CPU
		{AA9C1AA7-AB64-4560-91C7-95BB2A88FA1F}.Release|Any CPU.Build.0 = Release|Any CPU
		{EF679930-F4C9-4D62-9A6A-DE29F8D328C0}.Debug|Any CPU.ActiveCfg = Debug|Any CPU
		{EF679930-F4C9-4D62-9A6A-DE29F8D328C0}.Debug|Any CPU.Build.0 = Debug|Any CPU
		{EF679930-F4C9-4D62-9A6A-DE29F8D328C0}.Release|Any CPU.ActiveCfg = Release|Any CPU
		{EF679930-F4C9-4D62-9A6A-DE29F8D328C0}.Release|Any CPU.Build.0 = Release|Any CPU
		{DEC3CBEF-A443-406D-BE40-4FC30FEEB766}.Debug|Any CPU.ActiveCfg = Debug|Any CPU
		{DEC3CBEF-A443-406D-BE40-4FC30FEEB766}.Debug|Any CPU.Build.0 = Debug|Any CPU
		{DEC3CBEF-A443-406D-BE40-4FC30FEEB766}.Release|Any CPU.ActiveCfg = Release|Any CPU
		{DEC3CBEF-A443-406D-BE40-4FC30FEEB766}.Release|Any CPU.Build.0 = Release|Any CPU
		{057D68CC-97A3-4296-A66B-1D3A5C00134E}.Debug|Any CPU.ActiveCfg = Debug|Any CPU
		{057D68CC-97A3-4296-A66B-1D3A5C00134E}.Debug|Any CPU.Build.0 = Debug|Any CPU
		{057D68CC-97A3-4296-A66B-1D3A5C00134E}.Release|Any CPU.ActiveCfg = Release|Any CPU
		{057D68CC-97A3-4296-A66B-1D3A5C00134E}.Release|Any CPU.Build.0 = Release|Any CPU
		{F497309F-FC52-4431-962B-F6B813010080}.Debug|Any CPU.ActiveCfg = Debug|Any CPU
		{F497309F-FC52-4431-962B-F6B813010080}.Debug|Any CPU.Build.0 = Debug|Any CPU
		{F497309F-FC52-4431-962B-F6B813010080}.Release|Any CPU.ActiveCfg = Release|Any CPU
		{F497309F-FC52-4431-962B-F6B813010080}.Release|Any CPU.Build.0 = Release|Any CPU
		{86291ACF-4BAD-4926-B647-8BCDBB5E8EF7}.Debug|Any CPU.ActiveCfg = Debug|Any CPU
		{86291ACF-4BAD-4926-B647-8BCDBB5E8EF7}.Debug|Any CPU.Build.0 = Debug|Any CPU
		{86291ACF-4BAD-4926-B647-8BCDBB5E8EF7}.Release|Any CPU.ActiveCfg = Release|Any CPU
		{86291ACF-4BAD-4926-B647-8BCDBB5E8EF7}.Release|Any CPU.Build.0 = Release|Any CPU
		{184F17D9-28F2-4784-B5F0-8E9538A31BF7}.Debug|Any CPU.ActiveCfg = Debug|Any CPU
		{184F17D9-28F2-4784-B5F0-8E9538A31BF7}.Debug|Any CPU.Build.0 = Debug|Any CPU
		{184F17D9-28F2-4784-B5F0-8E9538A31BF7}.Release|Any CPU.ActiveCfg = Release|Any CPU
		{184F17D9-28F2-4784-B5F0-8E9538A31BF7}.Release|Any CPU.Build.0 = Release|Any CPU
	EndGlobalSection
	GlobalSection(SolutionProperties) = preSolution
		HideSolutionNode = FALSE
	EndGlobalSection
	GlobalSection(SubversionScc) = preSolution
		Svn-Managed = True
		Manager = AnkhSVN - Subversion Support for Visual Studio
	EndGlobalSection
	GlobalSection(MonoDevelopProperties) = preSolution
		version = 0.1
		StartupItem = Nova\Nova.csproj
	EndGlobalSection
EndGlobal
