Microsoft Visual Studio Solution File, Format Version 10.00
# Visual Studio 2008
Project("{FAE04EC0-301F-11D3-BF4B-00C04F79EFBC}") = "Nova Console", "Nova Console\Nova Console.csproj", "{BC53AE52-0F5C-4C4D-A6D9-54DF198655C9}"
	ProjectSection(ProjectDependencies) = postProject
		{EF679930-F4C9-4D62-9A6A-DE29F8D328C0} = {EF679930-F4C9-4D62-9A6A-DE29F8D328C0}
		{16CB85C6-8A03-4C8D-B0D0-EFD883B6DED8} = {16CB85C6-8A03-4C8D-B0D0-EFD883B6DED8}
	EndProjectSection
EndProject
Project("{FAE04EC0-301F-11D3-BF4B-00C04F79EFBC}") = "Nova Common", "Nova Common\Nova Common.csproj", "{EF679930-F4C9-4D62-9A6A-DE29F8D328C0}"
EndProject
Project("{FAE04EC0-301F-11D3-BF4B-00C04F79EFBC}") = "ControlLibrary", "Control Library\ControlLibrary.csproj", "{AA9C1AA7-AB64-4560-91C7-95BB2A88FA1F}"
	ProjectSection(ProjectDependencies) = postProject
		{EF679930-F4C9-4D62-9A6A-DE29F8D328C0} = {EF679930-F4C9-4D62-9A6A-DE29F8D328C0}
	EndProjectSection
EndProject
Project("{FAE04EC0-301F-11D3-BF4B-00C04F79EFBC}") = "Race Designer", "Race Designer\Race Designer.csproj", "{BFDEE889-6F24-4014-A719-DDA9A9596D70}"
	ProjectSection(ProjectDependencies) = postProject
		{16CB85C6-8A03-4C8D-B0D0-EFD883B6DED8} = {16CB85C6-8A03-4C8D-B0D0-EFD883B6DED8}
	EndProjectSection
EndProject
Project("{FAE04EC0-301F-11D3-BF4B-00C04F79EFBC}") = "Nova GUI", "Nova GUI\Nova GUI.csproj", "{14CD4564-836F-4934-8B12-74F399B0F7D5}"
	ProjectSection(ProjectDependencies) = postProject
		{16CB85C6-8A03-4C8D-B0D0-EFD883B6DED8} = {16CB85C6-8A03-4C8D-B0D0-EFD883B6DED8}
	EndProjectSection
EndProject
Project("{FAE04EC0-301F-11D3-BF4B-00C04F79EFBC}") = "ComponentEditor", "ComponentEditor\ComponentEditor.csproj", "{16CB85C6-8A03-4C8D-B0D0-EFD883B6DED8}"
	ProjectSection(ProjectDependencies) = postProject
		{EF679930-F4C9-4D62-9A6A-DE29F8D328C0} = {EF679930-F4C9-4D62-9A6A-DE29F8D328C0}
	EndProjectSection
EndProject
Project("{FAE04EC0-301F-11D3-BF4B-00C04F79EFBC}") = "Common Tests", "Nova Common\Common Tests\Common Tests.csproj", "{53C6BA3F-E76A-4845-BAD2-0128BEA70615}"
	ProjectSection(ProjectDependencies) = postProject
		{BC53AE52-0F5C-4C4D-A6D9-54DF198655C9} = {BC53AE52-0F5C-4C4D-A6D9-54DF198655C9}
		{14CD4564-836F-4934-8B12-74F399B0F7D5} = {14CD4564-836F-4934-8B12-74F399B0F7D5}
		{BFDEE889-6F24-4014-A719-DDA9A9596D70} = {BFDEE889-6F24-4014-A719-DDA9A9596D70}
		{AA9C1AA7-AB64-4560-91C7-95BB2A88FA1F} = {AA9C1AA7-AB64-4560-91C7-95BB2A88FA1F}
		{16CB85C6-8A03-4C8D-B0D0-EFD883B6DED8} = {16CB85C6-8A03-4C8D-B0D0-EFD883B6DED8}
	EndProjectSection
EndProject
Project("{FAE04EC0-301F-11D3-BF4B-00C04F79EFBC}") = "Console Tests", "Nova Console\Console Tests\Console Tests.csproj", "{FB20AE47-F2D0-414F-A550-244FA127C866}"
EndProject
Global
	GlobalSection(SolutionConfigurationPlatforms) = preSolution
		Debug|Any CPU = Debug|Any CPU
		Release|Any CPU = Release|Any CPU
	EndGlobalSection
	GlobalSection(ProjectConfigurationPlatforms) = postSolution
		{BC53AE52-0F5C-4C4D-A6D9-54DF198655C9}.Debug|Any CPU.ActiveCfg = Debug|Any CPU
		{BC53AE52-0F5C-4C4D-A6D9-54DF198655C9}.Debug|Any CPU.Build.0 = Debug|Any CPU
		{BC53AE52-0F5C-4C4D-A6D9-54DF198655C9}.Release|Any CPU.ActiveCfg = Release|Any CPU
		{BC53AE52-0F5C-4C4D-A6D9-54DF198655C9}.Release|Any CPU.Build.0 = Release|Any CPU
		{EF679930-F4C9-4D62-9A6A-DE29F8D328C0}.Debug|Any CPU.ActiveCfg = Debug|Any CPU
		{EF679930-F4C9-4D62-9A6A-DE29F8D328C0}.Debug|Any CPU.Build.0 = Debug|Any CPU
		{EF679930-F4C9-4D62-9A6A-DE29F8D328C0}.Release|Any CPU.ActiveCfg = Release|Any CPU
		{EF679930-F4C9-4D62-9A6A-DE29F8D328C0}.Release|Any CPU.Build.0 = Release|Any CPU
		{AA9C1AA7-AB64-4560-91C7-95BB2A88FA1F}.Debug|Any CPU.ActiveCfg = Debug|Any CPU
		{AA9C1AA7-AB64-4560-91C7-95BB2A88FA1F}.Debug|Any CPU.Build.0 = Debug|Any CPU
		{AA9C1AA7-AB64-4560-91C7-95BB2A88FA1F}.Release|Any CPU.ActiveCfg = Release|Any CPU
		{AA9C1AA7-AB64-4560-91C7-95BB2A88FA1F}.Release|Any CPU.Build.0 = Release|Any CPU
		{BFDEE889-6F24-4014-A719-DDA9A9596D70}.Debug|Any CPU.ActiveCfg = Debug|Any CPU
		{BFDEE889-6F24-4014-A719-DDA9A9596D70}.Debug|Any CPU.Build.0 = Debug|Any CPU
		{BFDEE889-6F24-4014-A719-DDA9A9596D70}.Release|Any CPU.ActiveCfg = Release|Any CPU
		{BFDEE889-6F24-4014-A719-DDA9A9596D70}.Release|Any CPU.Build.0 = Release|Any CPU
		{14CD4564-836F-4934-8B12-74F399B0F7D5}.Debug|Any CPU.ActiveCfg = Debug|Any CPU
		{14CD4564-836F-4934-8B12-74F399B0F7D5}.Debug|Any CPU.Build.0 = Debug|Any CPU
		{14CD4564-836F-4934-8B12-74F399B0F7D5}.Release|Any CPU.ActiveCfg = Release|Any CPU
		{14CD4564-836F-4934-8B12-74F399B0F7D5}.Release|Any CPU.Build.0 = Release|Any CPU
		{16CB85C6-8A03-4C8D-B0D0-EFD883B6DED8}.Debug|Any CPU.ActiveCfg = Debug|Any CPU
		{16CB85C6-8A03-4C8D-B0D0-EFD883B6DED8}.Debug|Any CPU.Build.0 = Debug|Any CPU
		{16CB85C6-8A03-4C8D-B0D0-EFD883B6DED8}.Release|Any CPU.ActiveCfg = Release|Any CPU
		{16CB85C6-8A03-4C8D-B0D0-EFD883B6DED8}.Release|Any CPU.Build.0 = Release|Any CPU
		{53C6BA3F-E76A-4845-BAD2-0128BEA70615}.Debug|Any CPU.ActiveCfg = Debug|Any CPU
		{53C6BA3F-E76A-4845-BAD2-0128BEA70615}.Debug|Any CPU.Build.0 = Debug|Any CPU
		{53C6BA3F-E76A-4845-BAD2-0128BEA70615}.Release|Any CPU.ActiveCfg = Release|Any CPU
		{FB20AE47-F2D0-414F-A550-244FA127C866}.Debug|Any CPU.ActiveCfg = Debug|Any CPU
		{FB20AE47-F2D0-414F-A550-244FA127C866}.Debug|Any CPU.Build.0 = Debug|Any CPU
		{FB20AE47-F2D0-414F-A550-244FA127C866}.Release|Any CPU.ActiveCfg = Release|Any CPU
		{FB20AE47-F2D0-414F-A550-244FA127C866}.Release|Any CPU.Build.0 = Release|Any CPU
	EndGlobalSection
	GlobalSection(SolutionProperties) = preSolution
		HideSolutionNode = FALSE
	EndGlobalSection
EndGlobal
